
Microsoft Visual Studio Solution File, Format Version 12.00
# Visual Studio Version 17
VisualStudioVersion = 17.5.002.0
MinimumVisualStudioVersion = 10.0.40219.1
Project("{9A19103F-16F7-4668-BE54-9A1E7A4F7556}") = "jexercise", "jexercise.csproj", "{CE709B0E-7505-4F64-8F8A-0506C35E000A}"
EndProject
Global
	GlobalSection(SolutionConfigurationPlatforms) = preSolution
		Debug|Any CPU = Debug|Any CPU
		Release|Any CPU = Release|Any CPU
	EndGlobalSection
	GlobalSection(ProjectConfigurationPlatforms) = postSolution
		{CE709B0E-7505-4F64-8F8A-0506C35E000A}.Debug|Any CPU.ActiveCfg = Debug|Any CPU
		{CE709B0E-7505-4F64-8F8A-0506C35E000A}.Debug|Any CPU.Build.0 = Debug|Any CPU
		{CE709B0E-7505-4F64-8F8A-0506C35E000A}.Release|Any CPU.ActiveCfg = Release|Any CPU
		{CE709B0E-7505-4F64-8F8A-0506C35E000A}.Release|Any CPU.Build.0 = Release|Any CPU
	EndGlobalSection
	GlobalSection(SolutionProperties) = preSolution
		HideSolutionNode = FALSE
	EndGlobalSection
	GlobalSection(ExtensibilityGlobals) = postSolution
		SolutionGuid = {DB5823B4-EEA2-4A86-9D60-7FD3C20E78C2}
	EndGlobalSection
EndGlobal
